
Microsoft Visual Studio Solution File, Format Version 12.00
# Visual Studio 14
VisualStudioVersion = 14.0.25123.0
MinimumVisualStudioVersion = 10.0.40219.1
Project("{8BC9CEB8-8B4A-11D0-8D11-00A0C91BC942}") = "HS", "HS\HS.vcxproj", "{803E2135-6C4F-4E61-8A22-62AD7323B261}"
EndProject
Project("{8BC9CEB8-8B4A-11D0-8D11-00A0C91BC942}") = "HSTests", "HSTests\HSTests.vcxproj", "{BA3A62E8-DE88-4976-AA26-28D809191EEA}"
	ProjectSection(ProjectDependencies) = postProject
		{803E2135-6C4F-4E61-8A22-62AD7323B261} = {803E2135-6C4F-4E61-8A22-62AD7323B261}
	EndProjectSection
EndProject
Global
	GlobalSection(SolutionConfigurationPlatforms) = preSolution
		Debug|x64 = Debug|x64
		Debug|x86 = Debug|x86
		Release|x64 = Release|x64
		Release|x86 = Release|x86
		Test|x64 = Test|x64
		Test|x86 = Test|x86
	EndGlobalSection
	GlobalSection(ProjectConfigurationPlatforms) = postSolution
		{803E2135-6C4F-4E61-8A22-62AD7323B261}.Debug|x64.ActiveCfg = Debug|x64
		{803E2135-6C4F-4E61-8A22-62AD7323B261}.Debug|x64.Build.0 = Debug|x64
		{803E2135-6C4F-4E61-8A22-62AD7323B261}.Debug|x86.ActiveCfg = Debug|Win32
		{803E2135-6C4F-4E61-8A22-62AD7323B261}.Debug|x86.Build.0 = Debug|Win32
		{803E2135-6C4F-4E61-8A22-62AD7323B261}.Release|x64.ActiveCfg = Release|x64
		{803E2135-6C4F-4E61-8A22-62AD7323B261}.Release|x64.Build.0 = Release|x64
		{803E2135-6C4F-4E61-8A22-62AD7323B261}.Release|x86.ActiveCfg = Release|Win32
		{803E2135-6C4F-4E61-8A22-62AD7323B261}.Release|x86.Build.0 = Release|Win32
		{803E2135-6C4F-4E61-8A22-62AD7323B261}.Test|x64.ActiveCfg = Test|x64
		{803E2135-6C4F-4E61-8A22-62AD7323B261}.Test|x64.Build.0 = Test|x64
		{803E2135-6C4F-4E61-8A22-62AD7323B261}.Test|x86.ActiveCfg = Test|Win32
		{803E2135-6C4F-4E61-8A22-62AD7323B261}.Test|x86.Build.0 = Test|Win32
		{BA3A62E8-DE88-4976-AA26-28D809191EEA}.Debug|x64.ActiveCfg = Debug|x64
		{BA3A62E8-DE88-4976-AA26-28D809191EEA}.Debug|x64.Build.0 = Debug|x64
		{BA3A62E8-DE88-4976-AA26-28D809191EEA}.Debug|x86.ActiveCfg = Debug|Win32
		{BA3A62E8-DE88-4976-AA26-28D809191EEA}.Debug|x86.Build.0 = Debug|Win32
		{BA3A62E8-DE88-4976-AA26-28D809191EEA}.Release|x64.ActiveCfg = Release|x64
		{BA3A62E8-DE88-4976-AA26-28D809191EEA}.Release|x64.Build.0 = Release|x64
		{BA3A62E8-DE88-4976-AA26-28D809191EEA}.Release|x86.ActiveCfg = Release|Win32
		{BA3A62E8-DE88-4976-AA26-28D809191EEA}.Release|x86.Build.0 = Release|Win32
		{BA3A62E8-DE88-4976-AA26-28D809191EEA}.Test|x64.ActiveCfg = Test|x64
		{BA3A62E8-DE88-4976-AA26-28D809191EEA}.Test|x64.Build.0 = Test|x64
		{BA3A62E8-DE88-4976-AA26-28D809191EEA}.Test|x86.ActiveCfg = Test|Win32
		{BA3A62E8-DE88-4976-AA26-28D809191EEA}.Test|x86.Build.0 = Test|Win32
	EndGlobalSection
	GlobalSection(SolutionProperties) = preSolution
		HideSolutionNode = FALSE
	EndGlobalSection
EndGlobal
